
Microsoft Visual Studio Solution File, Format Version 11.00
# Visual Studio 2010
Project("{FAE04EC0-301F-11D3-BF4B-00C04F79EFBC}") = "LuminUnity", "LuminUnity.csproj", "{F3358588-BF90-AF14-B29C-DCAFFFD079EF}"
EndProject
Project("{FAE04EC0-301F-11D3-BF4B-00C04F79EFBC}") = "Assembly-CSharp", "Assembly-CSharp.csproj", "{691341C4-AE95-26E7-5355-65AF064F9B31}"
EndProject
Project("{FAE04EC0-301F-11D3-BF4B-00C04F79EFBC}") = "Assembly-CSharp-Editor", "Assembly-CSharp-Editor.csproj", "{A37F9642-7695-98B5-AB32-12DF74C6A5FF}"
EndProject
Global
	GlobalSection(SolutionConfigurationPlatforms) = preSolution
		Debug|Any CPU = Debug|Any CPU
		Release|Any CPU = Release|Any CPU
	EndGlobalSection
	GlobalSection(ProjectConfigurationPlatforms) = postSolution
		{F3358588-BF90-AF14-B29C-DCAFFFD079EF}.Debug|Any CPU.ActiveCfg = Debug|Any CPU
		{F3358588-BF90-AF14-B29C-DCAFFFD079EF}.Debug|Any CPU.Build.0 = Debug|Any CPU
		{F3358588-BF90-AF14-B29C-DCAFFFD079EF}.Release|Any CPU.ActiveCfg = Release|Any CPU
		{F3358588-BF90-AF14-B29C-DCAFFFD079EF}.Release|Any CPU.Build.0 = Release|Any CPU
		{691341C4-AE95-26E7-5355-65AF064F9B31}.Debug|Any CPU.ActiveCfg = Debug|Any CPU
		{691341C4-AE95-26E7-5355-65AF064F9B31}.Debug|Any CPU.Build.0 = Debug|Any CPU
		{691341C4-AE95-26E7-5355-65AF064F9B31}.Release|Any CPU.ActiveCfg = Release|Any CPU
		{691341C4-AE95-26E7-5355-65AF064F9B31}.Release|Any CPU.Build.0 = Release|Any CPU
		{A37F9642-7695-98B5-AB32-12DF74C6A5FF}.Debug|Any CPU.ActiveCfg = Debug|Any CPU
		{A37F9642-7695-98B5-AB32-12DF74C6A5FF}.Debug|Any CPU.Build.0 = Debug|Any CPU
		{A37F9642-7695-98B5-AB32-12DF74C6A5FF}.Release|Any CPU.ActiveCfg = Release|Any CPU
		{A37F9642-7695-98B5-AB32-12DF74C6A5FF}.Release|Any CPU.Build.0 = Release|Any CPU
	EndGlobalSection
	GlobalSection(SolutionProperties) = preSolution
		HideSolutionNode = FALSE
	EndGlobalSection
EndGlobal
